
Microsoft Visual Studio Solution File, Format Version 12.00
# Visual Studio Version 16
VisualStudioVersion = 16.0.30611.23
MinimumVisualStudioVersion = 10.0.40219.1
Project("{FAE04EC0-301F-11D3-BF4B-00C04F79EFBC}") = "AngryBirds", "AngryBirds.csproj", "{64AD0029-1244-46D9-A351-C7334EE1EB43}"
EndProject
Global
	GlobalSection(SolutionConfigurationPlatforms) = preSolution
		Debug|Any CPU = Debug|Any CPU
		Release|Any CPU = Release|Any CPU
	EndGlobalSection
	GlobalSection(ProjectConfigurationPlatforms) = postSolution
		{64AD0029-1244-46D9-A351-C7334EE1EB43}.Debug|Any CPU.ActiveCfg = Debug|Any CPU
		{64AD0029-1244-46D9-A351-C7334EE1EB43}.Debug|Any CPU.Build.0 = Debug|Any CPU
		{64AD0029-1244-46D9-A351-C7334EE1EB43}.Release|Any CPU.ActiveCfg = Release|Any CPU
		{64AD0029-1244-46D9-A351-C7334EE1EB43}.Release|Any CPU.Build.0 = Release|Any CPU
	EndGlobalSection
	GlobalSection(SolutionProperties) = preSolution
		HideSolutionNode = FALSE
	EndGlobalSection
	GlobalSection(ExtensibilityGlobals) = postSolution
		SolutionGuid = {21012A10-077B-4914-9736-279FD4FCCA58}
	EndGlobalSection
EndGlobal
